
Microsoft Visual Studio Solution File, Format Version 12.00
# Visual Studio 15
VisualStudioVersion = 15.0.27130.2010
MinimumVisualStudioVersion = 10.0.40219.1
Project("{FAE04EC0-301F-11D3-BF4B-00C04F79EFBC}") = "QueryPad", "QueryPad\QueryPad.csproj", "{36F9C71F-B186-464B-8B21-C7D81454681E}"
EndProject
Global
	GlobalSection(SolutionConfigurationPlatforms) = preSolution
		Debug|Any CPU = Debug|Any CPU
		Release|Any CPU = Release|Any CPU
	EndGlobalSection
	GlobalSection(ProjectConfigurationPlatforms) = postSolution
		{36F9C71F-B186-464B-8B21-C7D81454681E}.Debug|Any CPU.ActiveCfg = Debug|Any CPU
		{36F9C71F-B186-464B-8B21-C7D81454681E}.Debug|Any CPU.Build.0 = Debug|Any CPU
		{36F9C71F-B186-464B-8B21-C7D81454681E}.Release|Any CPU.ActiveCfg = Release|Any CPU
		{36F9C71F-B186-464B-8B21-C7D81454681E}.Release|Any CPU.Build.0 = Release|Any CPU
	EndGlobalSection
	GlobalSection(SolutionProperties) = preSolution
		HideSolutionNode = FALSE
	EndGlobalSection
	GlobalSection(ExtensibilityGlobals) = postSolution
		SolutionGuid = {FA29E522-E1ED-41FD-A707-FBFF9B7AA09A}
	EndGlobalSection
EndGlobal
